
Microsoft Visual Studio Solution File, Format Version 12.00
# Visual Studio 14
VisualStudioVersion = 14.0.23107.0
MinimumVisualStudioVersion = 10.0.40219.1
Project("{FAE04EC0-301F-11D3-BF4B-00C04F79EFBC}") = "Twitch2Steam", "Twitch2Steam\Twitch2Steam.csproj", "{2DA5CAB1-47E0-4F0F-9C30-038D75DB2397}"
EndProject
Global
	GlobalSection(SolutionConfigurationPlatforms) = preSolution
		Debug_SSL|Any CPU = Debug_SSL|Any CPU
		Debug|Any CPU = Debug|Any CPU
		Public|Any CPU = Public|Any CPU
		Release|Any CPU = Release|Any CPU
		SSL|Any CPU = SSL|Any CPU
		Trace|Any CPU = Trace|Any CPU
	EndGlobalSection
	GlobalSection(ProjectConfigurationPlatforms) = postSolution
		{2DA5CAB1-47E0-4F0F-9C30-038D75DB2397}.Debug_SSL|Any CPU.ActiveCfg = Debug|Any CPU
		{2DA5CAB1-47E0-4F0F-9C30-038D75DB2397}.Debug_SSL|Any CPU.Build.0 = Debug|Any CPU
		{2DA5CAB1-47E0-4F0F-9C30-038D75DB2397}.Debug|Any CPU.ActiveCfg = Debug|Any CPU
		{2DA5CAB1-47E0-4F0F-9C30-038D75DB2397}.Debug|Any CPU.Build.0 = Debug|Any CPU
		{2DA5CAB1-47E0-4F0F-9C30-038D75DB2397}.Public|Any CPU.ActiveCfg = Release|Any CPU
		{2DA5CAB1-47E0-4F0F-9C30-038D75DB2397}.Public|Any CPU.Build.0 = Release|Any CPU
		{2DA5CAB1-47E0-4F0F-9C30-038D75DB2397}.Release|Any CPU.ActiveCfg = Release|Any CPU
		{2DA5CAB1-47E0-4F0F-9C30-038D75DB2397}.Release|Any CPU.Build.0 = Release|Any CPU
		{2DA5CAB1-47E0-4F0F-9C30-038D75DB2397}.SSL|Any CPU.ActiveCfg = Release|Any CPU
		{2DA5CAB1-47E0-4F0F-9C30-038D75DB2397}.SSL|Any CPU.Build.0 = Release|Any CPU
		{2DA5CAB1-47E0-4F0F-9C30-038D75DB2397}.Trace|Any CPU.ActiveCfg = Release|Any CPU
		{2DA5CAB1-47E0-4F0F-9C30-038D75DB2397}.Trace|Any CPU.Build.0 = Release|Any CPU
	EndGlobalSection
	GlobalSection(SolutionProperties) = preSolution
		HideSolutionNode = FALSE
	EndGlobalSection
EndGlobal
